Microsoft Visual Studio Solution File, Format Version 12.00
# Visual Studio 2012
Project("{FAE04EC0-301F-11D3-BF4B-00C04F79EFBC}") = "godot-personal-template-csharp", "godot-personal-template-csharp.csproj", "{BD54477A-EB91-4FCC-BF29-D5567EE218AB}"
EndProject
Global
	GlobalSection(SolutionConfigurationPlatforms) = preSolution
	Debug|Any CPU = Debug|Any CPU
	ExportDebug|Any CPU = ExportDebug|Any CPU
	ExportRelease|Any CPU = ExportRelease|Any CPU
	EndGlobalSection
	GlobalSection(ProjectConfigurationPlatforms) = postSolution
		{BD54477A-EB91-4FCC-BF29-D5567EE218AB}.Debug|Any CPU.ActiveCfg = Debug|Any CPU
		{BD54477A-EB91-4FCC-BF29-D5567EE218AB}.Debug|Any CPU.Build.0 = Debug|Any CPU
		{BD54477A-EB91-4FCC-BF29-D5567EE218AB}.ExportDebug|Any CPU.ActiveCfg = ExportDebug|Any CPU
		{BD54477A-EB91-4FCC-BF29-D5567EE218AB}.ExportDebug|Any CPU.Build.0 = ExportDebug|Any CPU
		{BD54477A-EB91-4FCC-BF29-D5567EE218AB}.ExportRelease|Any CPU.ActiveCfg = ExportRelease|Any CPU
		{BD54477A-EB91-4FCC-BF29-D5567EE218AB}.ExportRelease|Any CPU.Build.0 = ExportRelease|Any CPU
	EndGlobalSection
EndGlobal
